
Microsoft Visual Studio Solution File, Format Version 12.00
# Visual Studio Version 17
VisualStudioVersion = 17.2.32516.85
MinimumVisualStudioVersion = 10.0.40219.1
Project("{FAE04EC0-301F-11D3-BF4B-00C04F79EFBC}") = "TestAppiumDesktopDriveeeeeer", "TestAppiumDesktopDriveeeeeer\TestAppiumDesktopDriveeeeeer.csproj", "{8F519D99-4382-4E79-81FF-87F30F66F1DD}"
EndProject
Global
	GlobalSection(SolutionConfigurationPlatforms) = preSolution
		Debug|Any CPU = Debug|Any CPU
		Release|Any CPU = Release|Any CPU
	EndGlobalSection
	GlobalSection(ProjectConfigurationPlatforms) = postSolution
		{8F519D99-4382-4E79-81FF-87F30F66F1DD}.Debug|Any CPU.ActiveCfg = Debug|Any CPU
		{8F519D99-4382-4E79-81FF-87F30F66F1DD}.Debug|Any CPU.Build.0 = Debug|Any CPU
		{8F519D99-4382-4E79-81FF-87F30F66F1DD}.Release|Any CPU.ActiveCfg = Release|Any CPU
		{8F519D99-4382-4E79-81FF-87F30F66F1DD}.Release|Any CPU.Build.0 = Release|Any CPU
	EndGlobalSection
	GlobalSection(SolutionProperties) = preSolution
		HideSolutionNode = FALSE
	EndGlobalSection
	GlobalSection(ExtensibilityGlobals) = postSolution
		SolutionGuid = {7468821D-0C9A-44C9-AE4C-77AE77F6BF97}
	EndGlobalSection
EndGlobal
